
Microsoft Visual Studio Solution File, Format Version 12.00
Project("{F2A71F9B-5D33-465A-A702-920D77279786}") = "ComputationExpressions", "ComputationExpressions\ComputationExpressions.fsproj", "{A3838D48-A48B-4BEB-8626-19ED0518441D}"
EndProject
Project("{F2A71F9B-5D33-465A-A702-920D77279786}") = "ComputationExpressionsTest", "ComputationExpressionsTest\ComputationExpressionsTest.fsproj", "{AD9523A0-9741-4787-8765-9B6D75257E77}"
EndProject
Global
	GlobalSection(SolutionConfigurationPlatforms) = preSolution
		Debug|Any CPU = Debug|Any CPU
		Release|Any CPU = Release|Any CPU
	EndGlobalSection
	GlobalSection(ProjectConfigurationPlatforms) = postSolution
		{A3838D48-A48B-4BEB-8626-19ED0518441D}.Debug|Any CPU.ActiveCfg = Debug|Any CPU
		{A3838D48-A48B-4BEB-8626-19ED0518441D}.Debug|Any CPU.Build.0 = Debug|Any CPU
		{A3838D48-A48B-4BEB-8626-19ED0518441D}.Release|Any CPU.ActiveCfg = Release|Any CPU
		{A3838D48-A48B-4BEB-8626-19ED0518441D}.Release|Any CPU.Build.0 = Release|Any CPU
		{AD9523A0-9741-4787-8765-9B6D75257E77}.Debug|Any CPU.ActiveCfg = Debug|Any CPU
		{AD9523A0-9741-4787-8765-9B6D75257E77}.Debug|Any CPU.Build.0 = Debug|Any CPU
		{AD9523A0-9741-4787-8765-9B6D75257E77}.Release|Any CPU.ActiveCfg = Release|Any CPU
		{AD9523A0-9741-4787-8765-9B6D75257E77}.Release|Any CPU.Build.0 = Release|Any CPU
	EndGlobalSection
EndGlobal
